
Microsoft Visual Studio Solution File, Format Version 12.00
# Visual Studio 15
VisualStudioVersion = 15.0.28307.852
MinimumVisualStudioVersion = 10.0.40219.1
Project("{9A19103F-16F7-4668-BE54-9A1E7A4F7556}") = "MarinaIvanna", "MarinaIvanna.csproj", "{2D80A51B-2A39-45BB-92ED-1EAC66326119}"
EndProject
Project("{9A19103F-16F7-4668-BE54-9A1E7A4F7556}") = "LibCore", "..\LibCore\LibCore.csproj", "{0109364B-79D0-4582-BA24-73912B368052}"
EndProject
Project("{9A19103F-16F7-4668-BE54-9A1E7A4F7556}") = "DbCore", "..\DbCore\DbCore.csproj", "{49F2841D-073B-4C70-9088-66575B93BB3B}"
EndProject
Global
	GlobalSection(SolutionConfigurationPlatforms) = preSolution
		Debug|Any CPU = Debug|Any CPU
		Release|Any CPU = Release|Any CPU
	EndGlobalSection
	GlobalSection(ProjectConfigurationPlatforms) = postSolution
		{2D80A51B-2A39-45BB-92ED-1EAC66326119}.Debug|Any CPU.ActiveCfg = Debug|Any CPU
		{2D80A51B-2A39-45BB-92ED-1EAC66326119}.Debug|Any CPU.Build.0 = Debug|Any CPU
		{2D80A51B-2A39-45BB-92ED-1EAC66326119}.Release|Any CPU.ActiveCfg = Release|Any CPU
		{2D80A51B-2A39-45BB-92ED-1EAC66326119}.Release|Any CPU.Build.0 = Release|Any CPU
		{0109364B-79D0-4582-BA24-73912B368052}.Debug|Any CPU.ActiveCfg = Debug|Any CPU
		{0109364B-79D0-4582-BA24-73912B368052}.Debug|Any CPU.Build.0 = Debug|Any CPU
		{0109364B-79D0-4582-BA24-73912B368052}.Release|Any CPU.ActiveCfg = Release|Any CPU
		{0109364B-79D0-4582-BA24-73912B368052}.Release|Any CPU.Build.0 = Release|Any CPU
		{49F2841D-073B-4C70-9088-66575B93BB3B}.Debug|Any CPU.ActiveCfg = Debug|Any CPU
		{49F2841D-073B-4C70-9088-66575B93BB3B}.Debug|Any CPU.Build.0 = Debug|Any CPU
		{49F2841D-073B-4C70-9088-66575B93BB3B}.Release|Any CPU.ActiveCfg = Release|Any CPU
		{49F2841D-073B-4C70-9088-66575B93BB3B}.Release|Any CPU.Build.0 = Release|Any CPU
	EndGlobalSection
	GlobalSection(SolutionProperties) = preSolution
		HideSolutionNode = FALSE
	EndGlobalSection
	GlobalSection(ExtensibilityGlobals) = postSolution
		SolutionGuid = {7A512CF1-21A9-45E4-B678-80D32DD90ED2}
	EndGlobalSection
EndGlobal
